
Microsoft Visual Studio Solution File, Format Version 12.00
# Visual Studio Version 17
VisualStudioVersion = 17.0.32112.339
MinimumVisualStudioVersion = 10.0.40219.1
Project("{FAE04EC0-301F-11D3-BF4B-00C04F79EFBC}") = "PlatziWeb", "PlatziWeb.csproj", "{B1062FB2-B5C6-4171-B7AE-1533C48F7786}"
EndProject
Global
	GlobalSection(SolutionConfigurationPlatforms) = preSolution
		Debug|Any CPU = Debug|Any CPU
		Release|Any CPU = Release|Any CPU
	EndGlobalSection
	GlobalSection(ProjectConfigurationPlatforms) = postSolution
		{B1062FB2-B5C6-4171-B7AE-1533C48F7786}.Debug|Any CPU.ActiveCfg = Debug|Any CPU
		{B1062FB2-B5C6-4171-B7AE-1533C48F7786}.Debug|Any CPU.Build.0 = Debug|Any CPU
		{B1062FB2-B5C6-4171-B7AE-1533C48F7786}.Release|Any CPU.ActiveCfg = Release|Any CPU
		{B1062FB2-B5C6-4171-B7AE-1533C48F7786}.Release|Any CPU.Build.0 = Release|Any CPU
	EndGlobalSection
	GlobalSection(SolutionProperties) = preSolution
		HideSolutionNode = FALSE
	EndGlobalSection
	GlobalSection(ExtensibilityGlobals) = postSolution
		SolutionGuid = {3BF046D7-B591-4730-AAAB-2AFEEB584EE6}
	EndGlobalSection
EndGlobal
